
Microsoft Visual Studio Solution File, Format Version 12.00
# Visual Studio 15
VisualStudioVersion = 15.0.27130.2010
MinimumVisualStudioVersion = 10.0.40219.1
Project("{9A19103F-16F7-4668-BE54-9A1E7A4F7556}") = "Algebras", "Algebras\Algebras.csproj", "{874B2A91-03AD-4FE7-982F-BE9C76AD43C7}"
EndProject
Project("{9A19103F-16F7-4668-BE54-9A1E7A4F7556}") = "ParserSample", "Samples\ParserSample\ParserSample.csproj", "{D02A2404-B0DA-4F26-A86D-230A31B7D5D6}"
EndProject
Project("{9A19103F-16F7-4668-BE54-9A1E7A4F7556}") = "Banking.Core", "Samples\BankingAppSample\Banking.Core\Banking.Core.csproj", "{BB10B519-B362-47D4-A6B3-8EEA7868E35C}"
EndProject
Project("{9A19103F-16F7-4668-BE54-9A1E7A4F7556}") = "Banking.Printer", "Samples\BankingAppSample\Banking.Printer\Banking.Printer.csproj", "{D3B88D18-D34F-40AF-8BD7-D92103F641AF}"
EndProject
Project("{9A19103F-16F7-4668-BE54-9A1E7A4F7556}") = "Banking.Store", "Samples\BankingAppSample\Banking.Store\Banking.Store.csproj", "{ABFD3FCD-6055-49C0-B154-7DA220F88072}"
EndProject
Project("{9A19103F-16F7-4668-BE54-9A1E7A4F7556}") = "Algebras.Impl", "Algebras.Impl\Algebras.Impl.csproj", "{AF220AEC-777A-411B-A6F3-7E5AEA82B856}"
EndProject
Project("{9A19103F-16F7-4668-BE54-9A1E7A4F7556}") = "Banking.Main", "Samples\BankingAppSample\Banking.Main\Banking.Main.csproj", "{51E57370-1B7D-4B1B-AAD9-6E18BDB8A77B}"
EndProject
Project("{9A19103F-16F7-4668-BE54-9A1E7A4F7556}") = "Parser", "Parser\Parser.csproj", "{B5293861-EADD-46D2-B209-63D5DCEE0587}"
EndProject
Project("{2150E333-8FDC-42A3-9474-1A3956D46DE8}") = "Samples", "Samples", "{F9A5B30D-AF4C-47AB-8524-C358E1E5B378}"
EndProject
Global
	GlobalSection(SolutionConfigurationPlatforms) = preSolution
		Debug|Any CPU = Debug|Any CPU
		Release|Any CPU = Release|Any CPU
	EndGlobalSection
	GlobalSection(ProjectConfigurationPlatforms) = postSolution
		{874B2A91-03AD-4FE7-982F-BE9C76AD43C7}.Debug|Any CPU.ActiveCfg = Debug|Any CPU
		{874B2A91-03AD-4FE7-982F-BE9C76AD43C7}.Debug|Any CPU.Build.0 = Debug|Any CPU
		{874B2A91-03AD-4FE7-982F-BE9C76AD43C7}.Release|Any CPU.ActiveCfg = Release|Any CPU
		{874B2A91-03AD-4FE7-982F-BE9C76AD43C7}.Release|Any CPU.Build.0 = Release|Any CPU
		{D02A2404-B0DA-4F26-A86D-230A31B7D5D6}.Debug|Any CPU.ActiveCfg = Debug|Any CPU
		{D02A2404-B0DA-4F26-A86D-230A31B7D5D6}.Debug|Any CPU.Build.0 = Debug|Any CPU
		{D02A2404-B0DA-4F26-A86D-230A31B7D5D6}.Release|Any CPU.ActiveCfg = Release|Any CPU
		{D02A2404-B0DA-4F26-A86D-230A31B7D5D6}.Release|Any CPU.Build.0 = Release|Any CPU
		{BB10B519-B362-47D4-A6B3-8EEA7868E35C}.Debug|Any CPU.ActiveCfg = Debug|Any CPU
		{BB10B519-B362-47D4-A6B3-8EEA7868E35C}.Debug|Any CPU.Build.0 = Debug|Any CPU
		{BB10B519-B362-47D4-A6B3-8EEA7868E35C}.Release|Any CPU.ActiveCfg = Release|Any CPU
		{BB10B519-B362-47D4-A6B3-8EEA7868E35C}.Release|Any CPU.Build.0 = Release|Any CPU
		{D3B88D18-D34F-40AF-8BD7-D92103F641AF}.Debug|Any CPU.ActiveCfg = Debug|Any CPU
		{D3B88D18-D34F-40AF-8BD7-D92103F641AF}.Debug|Any CPU.Build.0 = Debug|Any CPU
		{D3B88D18-D34F-40AF-8BD7-D92103F641AF}.Release|Any CPU.ActiveCfg = Release|Any CPU
		{D3B88D18-D34F-40AF-8BD7-D92103F641AF}.Release|Any CPU.Build.0 = Release|Any CPU
		{ABFD3FCD-6055-49C0-B154-7DA220F88072}.Debug|Any CPU.ActiveCfg = Debug|Any CPU
		{ABFD3FCD-6055-49C0-B154-7DA220F88072}.Debug|Any CPU.Build.0 = Debug|Any CPU
		{ABFD3FCD-6055-49C0-B154-7DA220F88072}.Release|Any CPU.ActiveCfg = Release|Any CPU
		{ABFD3FCD-6055-49C0-B154-7DA220F88072}.Release|Any CPU.Build.0 = Release|Any CPU
		{AF220AEC-777A-411B-A6F3-7E5AEA82B856}.Debug|Any CPU.ActiveCfg = Debug|Any CPU
		{AF220AEC-777A-411B-A6F3-7E5AEA82B856}.Debug|Any CPU.Build.0 = Debug|Any CPU
		{AF220AEC-777A-411B-A6F3-7E5AEA82B856}.Release|Any CPU.ActiveCfg = Release|Any CPU
		{AF220AEC-777A-411B-A6F3-7E5AEA82B856}.Release|Any CPU.Build.0 = Release|Any CPU
		{51E57370-1B7D-4B1B-AAD9-6E18BDB8A77B}.Debug|Any CPU.ActiveCfg = Debug|Any CPU
		{51E57370-1B7D-4B1B-AAD9-6E18BDB8A77B}.Debug|Any CPU.Build.0 = Debug|Any CPU
		{51E57370-1B7D-4B1B-AAD9-6E18BDB8A77B}.Release|Any CPU.ActiveCfg = Release|Any CPU
		{51E57370-1B7D-4B1B-AAD9-6E18BDB8A77B}.Release|Any CPU.Build.0 = Release|Any CPU
		{B5293861-EADD-46D2-B209-63D5DCEE0587}.Debug|Any CPU.ActiveCfg = Debug|Any CPU
		{B5293861-EADD-46D2-B209-63D5DCEE0587}.Debug|Any CPU.Build.0 = Debug|Any CPU
		{B5293861-EADD-46D2-B209-63D5DCEE0587}.Release|Any CPU.ActiveCfg = Release|Any CPU
		{B5293861-EADD-46D2-B209-63D5DCEE0587}.Release|Any CPU.Build.0 = Release|Any CPU
	EndGlobalSection
	GlobalSection(SolutionProperties) = preSolution
		HideSolutionNode = FALSE
	EndGlobalSection
	GlobalSection(NestedProjects) = preSolution
		{D02A2404-B0DA-4F26-A86D-230A31B7D5D6} = {F9A5B30D-AF4C-47AB-8524-C358E1E5B378}
		{BB10B519-B362-47D4-A6B3-8EEA7868E35C} = {F9A5B30D-AF4C-47AB-8524-C358E1E5B378}
		{D3B88D18-D34F-40AF-8BD7-D92103F641AF} = {F9A5B30D-AF4C-47AB-8524-C358E1E5B378}
		{ABFD3FCD-6055-49C0-B154-7DA220F88072} = {F9A5B30D-AF4C-47AB-8524-C358E1E5B378}
		{51E57370-1B7D-4B1B-AAD9-6E18BDB8A77B} = {F9A5B30D-AF4C-47AB-8524-C358E1E5B378}
	EndGlobalSection
	GlobalSection(ExtensibilityGlobals) = postSolution
		SolutionGuid = {5410B945-169B-4BC5-953E-E16A85FD1F97}
	EndGlobalSection
EndGlobal
